// !$*UTF8*$!
{
	archiveVersion = 1;
	classes = {
	};
	objectVersion = 48;
	objects = {

/* Begin PBXBuildFile section */
		46287AAC2050C540005871D0 /* AppDelegate.m in Sources */ = {isa = PBXBuildFile; fileRef = 46287AAB2050C540005871D0 /* AppDelegate.m */; };
		46287AAF2050C540005871D0 /* ViewController.m in Sources */ = {isa = PBXBuildFile; fileRef = 46287AAE2050C540005871D0 /* ViewController.m */; };
		46287AB22050C540005871D0 /* Main.storyboard in Resources */ = {isa = PBXBuildFile; fileRef = 46287AB02050C540005871D0 /* Main.storyboard */; };
		46287AB42050C540005871D0 /* Assets.xcassets in Resources */ = {isa = PBXBuildFile; fileRef = 46287AB32050C540005871D0 /* Assets.xcassets */; };
		46287AB72050C540005871D0 /* LaunchScreen.storyboard in Resources */ = {isa = PBXBuildFile; fileRef = 46287AB52050C540005871D0 /* LaunchScreen.storyboard */; };
		46287ABA2050C540005871D0 /* main.m in Sources */ = {isa = PBXBuildFile; fileRef = 46287AB92050C540005871D0 /* main.m */; };
		46798E0B2051234E00BFF940 /* mswebrtc.framework in Frameworks */ = {isa = PBXBuildFile; fileRef = 46798DFE2051234400BFF940 /* mswebrtc.framework */; };
		46798E0C2051234E00BFF940 /* ortp.framework in Frameworks */ = {isa = PBXBuildFile; fileRef = 46798DFF2051234400BFF940 /* ortp.framework */; };
		46798E0D2051234E00BFF940 /* mediastreamer_base.framework in Frameworks */ = {isa = PBXBuildFile; fileRef = 46798E002051234600BFF940 /* mediastreamer_base.framework */; };
		46798E0E2051234E00BFF940 /* linphone.framework in Frameworks */ = {isa = PBXBuildFile; fileRef = 46798E012051234900BFF940 /* linphone.framework */; };
		46798E0F2051234E00BFF940 /* msamr.framework in Frameworks */ = {isa = PBXBuildFile; fileRef = 46798E022051234A00BFF940 /* msamr.framework */; };
		46798E102051234E00BFF940 /* bctoolbox-tester.framework in Frameworks */ = {isa = PBXBuildFile; fileRef = 46798E032051234A00BFF940 /* bctoolbox-tester.framework */; };
		46798E112051234E00BFF940 /* mscodec2.framework in Frameworks */ = {isa = PBXBuildFile; fileRef = 46798E042051234A00BFF940 /* mscodec2.framework */; };
		46798E122051234E00BFF940 /* mediastreamer_voip.framework in Frameworks */ = {isa = PBXBuildFile; fileRef = 46798E052051234C00BFF940 /* mediastreamer_voip.framework */; };
		46798E132051234E00BFF940 /* linphonetester.framework in Frameworks */ = {isa = PBXBuildFile; fileRef = 46798E062051234D00BFF940 /* linphonetester.framework */; };
		46798E142051234E00BFF940 /* bctoolbox.framework in Frameworks */ = {isa = PBXBuildFile; fileRef = 46798E072051234E00BFF940 /* bctoolbox.framework */; };
		46798E152051234E00BFF940 /* msopenh264.framework in Frameworks */ = {isa = PBXBuildFile; fileRef = 46798E082051234E00BFF940 /* msopenh264.framework */; };
		46798E162051234E00BFF940 /* mssilk.framework in Frameworks */ = {isa = PBXBuildFile; fileRef = 46798E092051234E00BFF940 /* mssilk.framework */; };
		46798E172051234E00BFF940 /* msx264.framework in Frameworks */ = {isa = PBXBuildFile; fileRef = 46798E0A2051234E00BFF940 /* msx264.framework */; };
		46798E182051277500BFF940 /* bctoolbox-tester.framework in Frameworks */ = {isa = PBXBuildFile; fileRef = 46798E032051234A00BFF940 /* bctoolbox-tester.framework */; };
		46798E1A2051277500BFF940 /* bctoolbox-tester.framework in Embed Frameworks */ = {isa = PBXBuildFile; fileRef = 46798E032051234A00BFF940 /* bctoolbox-tester.framework */; settings = {ATTRIBUTES = (CodeSignOnCopy, RemoveHeadersOnCopy, ); }; };
		46798E1B2051277500BFF940 /* bctoolbox.framework in Frameworks */ = {isa = PBXBuildFile; fileRef = 46798E072051234E00BFF940 /* bctoolbox.framework */; };
		46798E1C2051277500BFF940 /* bctoolbox.framework in Embed Frameworks */ = {isa = PBXBuildFile; fileRef = 46798E072051234E00BFF940 /* bctoolbox.framework */; settings = {ATTRIBUTES = (CodeSignOnCopy, RemoveHeadersOnCopy, ); }; };
		46798E1D2051277500BFF940 /* linphone.framework in Frameworks */ = {isa = PBXBuildFile; fileRef = 46798E012051234900BFF940 /* linphone.framework */; };
		46798E1E2051277500BFF940 /* linphone.framework in Embed Frameworks */ = {isa = PBXBuildFile; fileRef = 46798E012051234900BFF940 /* linphone.framework */; settings = {ATTRIBUTES = (CodeSignOnCopy, RemoveHeadersOnCopy, ); }; };
		46798E1F2051277500BFF940 /* linphonetester.framework in Frameworks */ = {isa = PBXBuildFile; fileRef = 46798E062051234D00BFF940 /* linphonetester.framework */; };
		46798E202051277500BFF940 /* linphonetester.framework in Embed Frameworks */ = {isa = PBXBuildFile; fileRef = 46798E062051234D00BFF940 /* linphonetester.framework */; settings = {ATTRIBUTES = (CodeSignOnCopy, RemoveHeadersOnCopy, ); }; };
		46798E212051277500BFF940 /* mediastreamer_base.framework in Frameworks */ = {isa = PBXBuildFile; fileRef = 46798E002051234600BFF940 /* mediastreamer_base.framework */; };
		46798E222051277500BFF940 /* mediastreamer_base.framework in Embed Frameworks */ = {isa = PBXBuildFile; fileRef = 46798E002051234600BFF940 /* mediastreamer_base.framework */; settings = {ATTRIBUTES = (CodeSignOnCopy, RemoveHeadersOnCopy, ); }; };
		46798E232051277500BFF940 /* mediastreamer_voip.framework in Frameworks */ = {isa = PBXBuildFile; fileRef = 46798E052051234C00BFF940 /* mediastreamer_voip.framework */; };
		46798E242051277500BFF940 /* mediastreamer_voip.framework in Embed Frameworks */ = {isa = PBXBuildFile; fileRef = 46798E052051234C00BFF940 /* mediastreamer_voip.framework */; settings = {ATTRIBUTES = (CodeSignOnCopy, RemoveHeadersOnCopy, ); }; };
		46798E252051277500BFF940 /* msamr.framework in Frameworks */ = {isa = PBXBuildFile; fileRef = 46798E022051234A00BFF940 /* msamr.framework */; };
		46798E262051277500BFF940 /* msamr.framework in Embed Frameworks */ = {isa = PBXBuildFile; fileRef = 46798E022051234A00BFF940 /* msamr.framework */; settings = {ATTRIBUTES = (CodeSignOnCopy, RemoveHeadersOnCopy, ); }; };
		46798E272051277500BFF940 /* mscodec2.framework in Frameworks */ = {isa = PBXBuildFile; fileRef = 46798E042051234A00BFF940 /* mscodec2.framework */; };
		46798E282051277500BFF940 /* mscodec2.framework in Embed Frameworks */ = {isa = PBXBuildFile; fileRef = 46798E042051234A00BFF940 /* mscodec2.framework */; settings = {ATTRIBUTES = (CodeSignOnCopy, RemoveHeadersOnCopy, ); }; };
		46798E292051277500BFF940 /* msopenh264.framework in Frameworks */ = {isa = PBXBuildFile; fileRef = 46798E082051234E00BFF940 /* msopenh264.framework */; };
		46798E2A2051277500BFF940 /* msopenh264.framework in Embed Frameworks */ = {isa = PBXBuildFile; fileRef = 46798E082051234E00BFF940 /* msopenh264.framework */; settings = {ATTRIBUTES = (CodeSignOnCopy, RemoveHeadersOnCopy, ); }; };
		46798E2B2051277500BFF940 /* mssilk.framework in Frameworks */ = {isa = PBXBuildFile; fileRef = 46798E092051234E00BFF940 /* mssilk.framework */; };
		46798E2C2051277500BFF940 /* mssilk.framework in Embed Frameworks */ = {isa = PBXBuildFile; fileRef = 46798E092051234E00BFF940 /* mssilk.framework */; settings = {ATTRIBUTES = (CodeSignOnCopy, RemoveHeadersOnCopy, ); }; };
		46798E2D2051277500BFF940 /* mswebrtc.framework in Frameworks */ = {isa = PBXBuildFile; fileRef = 46798DFE2051234400BFF940 /* mswebrtc.framework */; };
		46798E2E2051277500BFF940 /* mswebrtc.framework in Embed Frameworks */ = {isa = PBXBuildFile; fileRef = 46798DFE2051234400BFF940 /* mswebrtc.framework */; settings = {ATTRIBUTES = (CodeSignOnCopy, RemoveHeadersOnCopy, ); }; };
		46798E2F2051277500BFF940 /* msx264.framework in Frameworks */ = {isa = PBXBuildFile; fileRef = 46798E0A2051234E00BFF940 /* msx264.framework */; };
		46798E302051277500BFF940 /* msx264.framework in Embed Frameworks */ = {isa = PBXBuildFile; fileRef = 46798E0A2051234E00BFF940 /* msx264.framework */; settings = {ATTRIBUTES = (CodeSignOnCopy, RemoveHeadersOnCopy, ); }; };
		46798E312051277500BFF940 /* ortp.framework in Frameworks */ = {isa = PBXBuildFile; fileRef = 46798DFF2051234400BFF940 /* ortp.framework */; };
		46798E322051277500BFF940 /* ortp.framework in Embed Frameworks */ = {isa = PBXBuildFile; fileRef = 46798DFF2051234400BFF940 /* ortp.framework */; settings = {ATTRIBUTES = (CodeSignOnCopy, RemoveHeadersOnCopy, ); }; };
/* End PBXBuildFile section */

/* Begin PBXCopyFilesBuildPhase section */
		46798E192051277500BFF940 /* Embed Frameworks */ = {
			isa = PBXCopyFilesBuildPhase;
			buildActionMask = 2147483647;
			dstPath = "";
			dstSubfolderSpec = 10;
			files = (
				46798E242051277500BFF940 /* mediastreamer_voip.framework in Embed Frameworks */,
				46798E2C2051277500BFF940 /* mssilk.framework in Embed Frameworks */,
				46798E202051277500BFF940 /* linphonetester.framework in Embed Frameworks */,
				46798E222051277500BFF940 /* mediastreamer_base.framework in Embed Frameworks */,
				46798E302051277500BFF940 /* msx264.framework in Embed Frameworks */,
				46798E1E2051277500BFF940 /* linphone.framework in Embed Frameworks */,
				46798E1A2051277500BFF940 /* bctoolbox-tester.framework in Embed Frameworks */,
				46798E2E2051277500BFF940 /* mswebrtc.framework in Embed Frameworks */,
				46798E1C2051277500BFF940 /* bctoolbox.framework in Embed Frameworks */,
				46798E322051277500BFF940 /* ortp.framework in Embed Frameworks */,
				46798E2A2051277500BFF940 /* msopenh264.framework in Embed Frameworks */,
				46798E282051277500BFF940 /* mscodec2.framework in Embed Frameworks */,
				46798E262051277500BFF940 /* msamr.framework in Embed Frameworks */,
			);
			name = "Embed Frameworks";
			runOnlyForDeploymentPostprocessing = 0;
		};
/* End PBXCopyFilesBuildPhase section */

/* Begin PBXFileReference section */
		46287AA72050C540005871D0 /* linphone-ios.app */ = {isa = PBXFileReference; explicitFileType = wrapper.application; includeInIndex = 0; path = "linphone-ios.app"; sourceTree = BUILT_PRODUCTS_DIR; };
		46287AAA2050C540005871D0 /* AppDelegate.h */ = {isa = PBXFileReference; lastKnownFileType = sourcecode.c.h; path = AppDelegate.h; sourceTree = "<group>"; };
		46287AAB2050C540005871D0 /* AppDelegate.m */ = {isa = PBXFileReference; lastKnownFileType = sourcecode.c.objc; path = AppDelegate.m; sourceTree = "<group>"; };
		46287AAD2050C540005871D0 /* ViewController.h */ = {isa = PBXFileReference; lastKnownFileType = sourcecode.c.h; path = ViewController.h; sourceTree = "<group>"; };
		46287AAE2050C540005871D0 /* ViewController.m */ = {isa = PBXFileReference; lastKnownFileType = sourcecode.c.objc; path = ViewController.m; sourceTree = "<group>"; };
		46287AB12050C540005871D0 /* Base */ = {isa = PBXFileReference; lastKnownFileType = file.storyboard; name = Base; path = Base.lproj/Main.storyboard; sourceTree = "<group>"; };
		46287AB32050C540005871D0 /* Assets.xcassets */ = {isa = PBXFileReference; lastKnownFileType = folder.assetcatalog; path = Assets.xcassets; sourceTree = "<group>"; };
		46287AB62050C540005871D0 /* Base */ = {isa = PBXFileReference; lastKnownFileType = file.storyboard; name = Base; path = Base.lproj/LaunchScreen.storyboard; sourceTree = "<group>"; };
		46287AB82050C540005871D0 /* Info.plist */ = {isa = PBXFileReference; lastKnownFileType = text.plist.xml; path = Info.plist; sourceTree = "<group>"; };
		46287AB92050C540005871D0 /* main.m */ = {isa = PBXFileReference; lastKnownFileType = sourcecode.c.objc; path = main.m; sourceTree = "<group>"; };
		46798DFE2051234400BFF940 /* mswebrtc.framework */ = {isa = PBXFileReference; lastKnownFileType = wrapper.framework; path = mswebrtc.framework; sourceTree = "<group>"; };
		46798DFF2051234400BFF940 /* ortp.framework */ = {isa = PBXFileReference; lastKnownFileType = wrapper.framework; path = ortp.framework; sourceTree = "<group>"; };
		46798E002051234600BFF940 /* mediastreamer_base.framework */ = {isa = PBXFileReference; lastKnownFileType = wrapper.framework; path = mediastreamer_base.framework; sourceTree = "<group>"; };
		46798E012051234900BFF940 /* linphone.framework */ = {isa = PBXFileReference; lastKnownFileType = wrapper.framework; path = linphone.framework; sourceTree = "<group>"; };
		46798E022051234A00BFF940 /* msamr.framework */ = {isa = PBXFileReference; lastKnownFileType = wrapper.framework; path = msamr.framework; sourceTree = "<group>"; };
		46798E032051234A00BFF940 /* bctoolbox-tester.framework */ = {isa = PBXFileReference; lastKnownFileType = wrapper.framework; path = "bctoolbox-tester.framework"; sourceTree = "<group>"; };
		46798E042051234A00BFF940 /* mscodec2.framework */ = {isa = PBXFileReference; lastKnownFileType = wrapper.framework; path = mscodec2.framework; sourceTree = "<group>"; };
		46798E052051234C00BFF940 /* mediastreamer_voip.framework */ = {isa = PBXFileReference; lastKnownFileType = wrapper.framework; path = mediastreamer_voip.framework; sourceTree = "<group>"; };
		46798E062051234D00BFF940 /* linphonetester.framework */ = {isa = PBXFileReference; lastKnownFileType = wrapper.framework; path = linphonetester.framework; sourceTree = "<group>"; };
		46798E072051234E00BFF940 /* bctoolbox.framework */ = {isa = PBXFileReference; lastKnownFileType = wrapper.framework; path = bctoolbox.framework; sourceTree = "<group>"; };
		46798E082051234E00BFF940 /* msopenh264.framework */ = {isa = PBXFileReference; lastKnownFileType = wrapper.framework; path = msopenh264.framework; sourceTree = "<group>"; };
		46798E092051234E00BFF940 /* mssilk.framework */ = {isa = PBXFileReference; lastKnownFileType = wrapper.framework; path = mssilk.framework; sourceTree = "<group>"; };
		46798E0A2051234E00BFF940 /* msx264.framework */ = {isa = PBXFileReference; lastKnownFileType = wrapper.framework; path = msx264.framework; sourceTree = "<group>"; };
/* End PBXFileReference section */

/* Begin PBXFrameworksBuildPhase section */
		46287AA42050C540005871D0 /* Frameworks */ = {
			isa = PBXFrameworksBuildPhase;
			buildActionMask = 2147483647;
			files = (
				46798E122051234E00BFF940 /* mediastreamer_voip.framework in Frameworks */,
				46798E0B2051234E00BFF940 /* mswebrtc.framework in Frameworks */,
				46798E0C2051234E00BFF940 /* ortp.framework in Frameworks */,
				46798E252051277500BFF940 /* msamr.framework in Frameworks */,
				46798E1F2051277500BFF940 /* linphonetester.framework in Frameworks */,
				46798E162051234E00BFF940 /* mssilk.framework in Frameworks */,
				46798E212051277500BFF940 /* mediastreamer_base.framework in Frameworks */,
				46798E2F2051277500BFF940 /* msx264.framework in Frameworks */,
				46798E112051234E00BFF940 /* mscodec2.framework in Frameworks */,
				46798E312051277500BFF940 /* ortp.framework in Frameworks */,
				46798E2B2051277500BFF940 /* mssilk.framework in Frameworks */,
				46798E0D2051234E00BFF940 /* mediastreamer_base.framework in Frameworks */,
				46798E0F2051234E00BFF940 /* msamr.framework in Frameworks */,
				46798E232051277500BFF940 /* mediastreamer_voip.framework in Frameworks */,
				46798E132051234E00BFF940 /* linphonetester.framework in Frameworks */,
				46798E2D2051277500BFF940 /* mswebrtc.framework in Frameworks */,
				46798E182051277500BFF940 /* bctoolbox-tester.framework in Frameworks */,
				46798E102051234E00BFF940 /* bctoolbox-tester.framework in Frameworks */,
				46798E0E2051234E00BFF940 /* linphone.framework in Frameworks */,
				46798E1D2051277500BFF940 /* linphone.framework in Frameworks */,
				46798E272051277500BFF940 /* mscodec2.framework in Frameworks */,
				46798E152051234E00BFF940 /* msopenh264.framework in Frameworks */,
				46798E142051234E00BFF940 /* bctoolbox.framework in Frameworks */,
				46798E172051234E00BFF940 /* msx264.framework in Frameworks */,
				46798E292051277500BFF940 /* msopenh264.framework in Frameworks */,
				46798E1B2051277500BFF940 /* bctoolbox.framework in Frameworks */,
			);
			runOnlyForDeploymentPostprocessing = 0;
		};
/* End PBXFrameworksBuildPhase section */

/* Begin PBXGroup section */
		46287A9E2050C540005871D0 = {
			isa = PBXGroup;
			children = (
				46287AA92050C540005871D0 /* linphone-ios */,
				46287AA82050C540005871D0 /* Products */,
				465626EC2050C7AC00A977AC /* Frameworks */,
			);
			sourceTree = "<group>";
		};
		46287AA82050C540005871D0 /* Products */ = {
			isa = PBXGroup;
			children = (
				46287AA72050C540005871D0 /* linphone-ios.app */,
			);
			name = Products;
			sourceTree = "<group>";
		};
		46287AA92050C540005871D0 /* linphone-ios */ = {
			isa = PBXGroup;
			children = (
				46287AAA2050C540005871D0 /* AppDelegate.h */,
				46287AAB2050C540005871D0 /* AppDelegate.m */,
				46287AAD2050C540005871D0 /* ViewController.h */,
				46287AAE2050C540005871D0 /* ViewController.m */,
				46287AB02050C540005871D0 /* Main.storyboard */,
				46287AB32050C540005871D0 /* Assets.xcassets */,
				46287AB52050C540005871D0 /* LaunchScreen.storyboard */,
				46287AB82050C540005871D0 /* Info.plist */,
				46287AB92050C540005871D0 /* main.m */,
			);
			path = "linphone-ios";
			sourceTree = "<group>";
		};
		465626EC2050C7AC00A977AC /* Frameworks */ = {
			isa = PBXGroup;
			children = (
				46798E032051234A00BFF940 /* bctoolbox-tester.framework */,
				46798E072051234E00BFF940 /* bctoolbox.framework */,
				46798E012051234900BFF940 /* linphone.framework */,
				46798E062051234D00BFF940 /* linphonetester.framework */,
				46798E002051234600BFF940 /* mediastreamer_base.framework */,
				46798E052051234C00BFF940 /* mediastreamer_voip.framework */,
				46798E022051234A00BFF940 /* msamr.framework */,
				46798E042051234A00BFF940 /* mscodec2.framework */,
				46798E082051234E00BFF940 /* msopenh264.framework */,
				46798E092051234E00BFF940 /* mssilk.framework */,
				46798DFE2051234400BFF940 /* mswebrtc.framework */,
				46798E0A2051234E00BFF940 /* msx264.framework */,
				46798DFF2051234400BFF940 /* ortp.framework */,
			);
			name = Frameworks;
			sourceTree = "<group>";
		};
/* End PBXGroup section */

/* Begin PBXNativeTarget section */
		46287AA62050C540005871D0 /* linphone-ios */ = {
			isa = PBXNativeTarget;
			buildConfigurationList = 46287ABD2050C540005871D0 /* Build configuration list for PBXNativeTarget "linphone-ios" */;
			buildPhases = (
				46287AA32050C540005871D0 /* Sources */,
				46287AA42050C540005871D0 /* Frameworks */,
				46287AA52050C540005871D0 /* Resources */,
				46798E192051277500BFF940 /* Embed Frameworks */,
			);
			buildRules = (
			);
			dependencies = (
			);
			name = "linphone-ios";
			productName = "linphone-ios";
			productReference = 46287AA72050C540005871D0 /* linphone-ios.app */;
			productType = "com.apple.product-type.application";
		};
/* End PBXNativeTarget section */

/* Begin PBXProject section */
		46287A9F2050C540005871D0 /* Project object */ = {
			isa = PBXProject;
			attributes = {
				LastUpgradeCheck = 0920;
				ORGANIZATIONNAME = DoublerMagicXu;
				TargetAttributes = {
					46287AA62050C540005871D0 = {
						CreatedOnToolsVersion = 9.2;
						ProvisioningStyle = Automatic;
					};
				};
			};
			buildConfigurationList = 46287AA22050C540005871D0 /* Build configuration list for PBXProject "linphone-ios" */;
			compatibilityVersion = "Xcode 8.0";
			developmentRegion = en;
			hasScannedForEncodings = 0;
			knownRegions = (
				en,
				Base,
			);
			mainGroup = 46287A9E2050C540005871D0;
			productRefGroup = 46287AA82050C540005871D0 /* Products */;
			projectDirPath = "";
			projectRoot = "";
			targets = (
				46287AA62050C540005871D0 /* linphone-ios */,
			);
		};
/* End PBXProject section */

/* Begin PBXResourcesBuildPhase section */
		46287AA52050C540005871D0 /* Resources */ = {
			isa = PBXResourcesBuildPhase;
			buildActionMask = 2147483647;
			files = (
				46287AB72050C540005871D0 /* LaunchScreen.storyboard in Resources */,
				46287AB42050C540005871D0 /* Assets.xcassets in Resources */,
				46287AB22050C540005871D0 /* Main.storyboard in Resources */,
			);
			runOnlyForDeploymentPostprocessing = 0;
		};
/* End PBXResourcesBuildPhase section */

/* Begin PBXSourcesBuildPhase section */
		46287AA32050C540005871D0 /* Sources */ = {
			isa = PBXSourcesBuildPhase;
			buildActionMask = 2147483647;
			files = (
				46287AAF2050C540005871D0 /* ViewController.m in Sources */,
				46287ABA2050C540005871D0 /* main.m in Sources */,
				46287AAC2050C540005871D0 /* AppDelegate.m in Sources */,
			);
			runOnlyForDeploymentPostprocessing = 0;
		};
/* End PBXSourcesBuildPhase section */

/* Begin PBXVariantGroup section */
		46287AB02050C540005871D0 /* Main.storyboard */ = {
			isa = PBXVariantGroup;
			children = (
				46287AB12050C540005871D0 /* Base */,
			);
			name = Main.storyboard;
			sourceTree = "<group>";
		};
		46287AB52050C540005871D0 /* LaunchScreen.storyboard */ = {
			isa = PBXVariantGroup;
			children = (
				46287AB62050C540005871D0 /* Base */,
			);
			name = LaunchScreen.storyboard;
			sourceTree = "<group>";
		};
/* End PBXVariantGroup section */

/* Begin XCBuildConfiguration section */
		46287ABB2050C540005871D0 /* Debug */ = {
			isa = XCBuildConfiguration;
			buildSettings = {
				ALWAYS_SEARCH_USER_PATHS = NO;
				CLANG_ANALYZER_NONNULL = YES;
				CLANG_ANALYZER_NUMBER_OBJECT_CONVERSION = YES_AGGRESSIVE;
				CLANG_CXX_LANGUAGE_STANDARD = "gnu++14";
				CLANG_CXX_LIBRARY = "libc++";
				CLANG_ENABLE_MODULES = YES;
				CLANG_ENABLE_OBJC_ARC = YES;
				CLANG_WARN_BLOCK_CAPTURE_AUTORELEASING = YES;
				CLANG_WARN_BOOL_CONVERSION = YES;
				CLANG_WARN_COMMA = YES;
				CLANG_WARN_CONSTANT_CONVERSION = YES;
				CLANG_WARN_DIRECT_OBJC_ISA_USAGE = YES_ERROR;
				CLANG_WARN_DOCUMENTATION_COMMENTS = YES;
				CLANG_WARN_EMPTY_BODY = YES;
				CLANG_WARN_ENUM_CONVERSION = YES;
				CLANG_WARN_INFINITE_RECURSION = YES;
				CLANG_WARN_INT_CONVERSION = YES;
				CLANG_WARN_NON_LITERAL_NULL_CONVERSION = YES;
				CLANG_WARN_OBJC_LITERAL_CONVERSION = YES;
				CLANG_WARN_OBJC_ROOT_CLASS = YES_ERROR;
				CLANG_WARN_RANGE_LOOP_ANALYSIS = YES;
				CLANG_WARN_STRICT_PROTOTYPES = YES;
				CLANG_WARN_SUSPICIOUS_MOVE = YES;
				CLANG_WARN_UNGUARDED_AVAILABILITY = YES_AGGRESSIVE;
				CLANG_WARN_UNREACHABLE_CODE = YES;
				CLANG_WARN__DUPLICATE_METHOD_MATCH = YES;
				CODE_SIGN_IDENTITY = "iPhone Developer";
				COPY_PHASE_STRIP = NO;
				DEBUG_INFORMATION_FORMAT = dwarf;
				ENABLE_STRICT_OBJC_MSGSEND = YES;
				ENABLE_TESTABILITY = YES;
				GCC_C_LANGUAGE_STANDARD = gnu11;
				GCC_DYNAMIC_NO_PIC = NO;
				GCC_NO_COMMON_BLOCKS = YES;
				GCC_OPTIMIZATION_LEVEL = 0;
				GCC_PREPROCESSOR_DEFINITIONS = (
					"DEBUG=1",
					"$(inherited)",
				);
				GCC_WARN_64_TO_32_BIT_CONVERSION = YES;
				GCC_WARN_ABOUT_RETURN_TYPE = YES_ERROR;
				GCC_WARN_UNDECLARED_SELECTOR = YES;
				GCC_WARN_UNINITIALIZED_AUTOS = YES_AGGRESSIVE;
				GCC_WARN_UNUSED_FUNCTION = YES;
				GCC_WARN_UNUSED_VARIABLE = YES;
				IPHONEOS_DEPLOYMENT_TARGET = 11.2;
				MTL_ENABLE_DEBUG_INFO = YES;
				ONLY_ACTIVE_ARCH = YES;
				SDKROOT = iphoneos;
			};
			name = Debug;
		};
		46287ABC2050C540005871D0 /* Release */ = {
			isa = XCBuildConfiguration;
			buildSettings = {
				ALWAYS_SEARCH_USER_PATHS = NO;
				CLANG_ANALYZER_NONNULL = YES;
				CLANG_ANALYZER_NUMBER_OBJECT_CONVERSION = YES_AGGRESSIVE;
				CLANG_CXX_LANGUAGE_STANDARD = "gnu++14";
				CLANG_CXX_LIBRARY = "libc++";
				CLANG_ENABLE_MODULES = YES;
				CLANG_ENABLE_OBJC_ARC = YES;
				CLANG_WARN_BLOCK_CAPTURE_AUTORELEASING = YES;
				CLANG_WARN_BOOL_CONVERSION = YES;
				CLANG_WARN_COMMA = YES;
				CLANG_WARN_CONSTANT_CONVERSION = YES;
				CLANG_WARN_DIRECT_OBJC_ISA_USAGE = YES_ERROR;
				CLANG_WARN_DOCUMENTATION_COMMENTS = YES;
				CLANG_WARN_EMPTY_BODY = YES;
				CLANG_WARN_ENUM_CONVERSION = YES;
				CLANG_WARN_INFINITE_RECURSION = YES;
				CLANG_WARN_INT_CONVERSION = YES;
				CLANG_WARN_NON_LITERAL_NULL_CONVERSION = YES;
				CLANG_WARN_OBJC_LITERAL_CONVERSION = YES;
				CLANG_WARN_OBJC_ROOT_CLASS = YES_ERROR;
				CLANG_WARN_RANGE_LOOP_ANALYSIS = YES;
				CLANG_WARN_STRICT_PROTOTYPES = YES;
				CLANG_WARN_SUSPICIOUS_MOVE = YES;
				CLANG_WARN_UNGUARDED_AVAILABILITY = YES_AGGRESSIVE;
				CLANG_WARN_UNREACHABLE_CODE = YES;
				CLANG_WARN__DUPLICATE_METHOD_MATCH = YES;
				CODE_SIGN_IDENTITY = "iPhone Developer";
				COPY_PHASE_STRIP = NO;
				DEBUG_INFORMATION_FORMAT = "dwarf-with-dsym";
				ENABLE_NS_ASSERTIONS = NO;
				ENABLE_STRICT_OBJC_MSGSEND = YES;
				GCC_C_LANGUAGE_STANDARD = gnu11;
				GCC_NO_COMMON_BLOCKS = YES;
				GCC_WARN_64_TO_32_BIT_CONVERSION = YES;
				GCC_WARN_ABOUT_RETURN_TYPE = YES_ERROR;
				GCC_WARN_UNDECLARED_SELECTOR = YES;
				GCC_WARN_UNINITIALIZED_AUTOS = YES_AGGRESSIVE;
				GCC_WARN_UNUSED_FUNCTION = YES;
				GCC_WARN_UNUSED_VARIABLE = YES;
				IPHONEOS_DEPLOYMENT_TARGET = 11.2;
				MTL_ENABLE_DEBUG_INFO = NO;
				SDKROOT = iphoneos;
				VALIDATE_PRODUCT = YES;
			};
			name = Release;
		};
		46287ABE2050C540005871D0 /* Debug */ = {
			isa = XCBuildConfiguration;
			buildSettings = {
				ALWAYS_SEARCH_USER_PATHS = YES;
				ASSETCATALOG_COMPILER_APPICON_NAME = AppIcon;
				CODE_SIGN_STYLE = Automatic;
				DEVELOPMENT_TEAM = 36HA57XXF2;
				FRAMEWORK_SEARCH_PATHS = (
					"$(inherited)",
					"$(PROJECT_DIR)",
				);
				HEADER_SEARCH_PATHS = "";
				INFOPLIST_FILE = "linphone-ios/Info.plist";
				LD_RUNPATH_SEARCH_PATHS = "$(inherited) @executable_path/Frameworks";
				PRODUCT_BUNDLE_IDENTIFIER = "DoubleMagicXu.linphone-ios";
				PRODUCT_NAME = "$(TARGET_NAME)";
				TARGETED_DEVICE_FAMILY = "1,2";
				USER_HEADER_SEARCH_PATHS = "$(PROJECT_DIR)";
			};
			name = Debug;
		};
		46287ABF2050C540005871D0 /* Release */ = {
			isa = XCBuildConfiguration;
			buildSettings = {
				ALWAYS_SEARCH_USER_PATHS = YES;
				ASSETCATALOG_COMPILER_APPICON_NAME = AppIcon;
				CODE_SIGN_STYLE = Automatic;
				DEVELOPMENT_TEAM = 36HA57XXF2;
				FRAMEWORK_SEARCH_PATHS = (
					"$(inherited)",
					"$(PROJECT_DIR)",
				);
				HEADER_SEARCH_PATHS = "";
				INFOPLIST_FILE = "linphone-ios/Info.plist";
				LD_RUNPATH_SEARCH_PATHS = "$(inherited) @executable_path/Frameworks";
				PRODUCT_BUNDLE_IDENTIFIER = "DoubleMagicXu.linphone-ios";
				PRODUCT_NAME = "$(TARGET_NAME)";
				TARGETED_DEVICE_FAMILY = "1,2";
				USER_HEADER_SEARCH_PATHS = "$(PROJECT_DIR)";
			};
			name = Release;
		};
/* End XCBuildConfiguration section */

/* Begin XCConfigurationList section */
		46287AA22050C540005871D0 /* Build configuration list for PBXProject "linphone-ios" */ = {
			isa = XCConfigurationList;
			buildConfigurations = (
				46287ABB2050C540005871D0 /* Debug */,
				46287ABC2050C540005871D0 /* Release */,
			);
			defaultConfigurationIsVisible = 0;
			defaultConfigurationName = Release;
		};
		46287ABD2050C540005871D0 /* Build configuration list for PBXNativeTarget "linphone-ios" */ = {
			isa = XCConfigurationList;
			buildConfigurations = (
				46287ABE2050C540005871D0 /* Debug */,
				46287ABF2050C540005871D0 /* Release */,
			);
			defaultConfigurationIsVisible = 0;
			defaultConfigurationName = Release;
		};
/* End XCConfigurationList section */
	};
	rootObject = 46287A9F2050C540005871D0 /* Project object */;
}
